# This file was autogenerated by uv via the following command:
#    uv pip compile requirements-test.txt --python-version 3.12 --generate-hashes --output-file requirements-test.lock
attrs==26.1.0 \
    --hash=sha256:c647aa4a12dfbad9333ca4e71fe62ddc36f4e63b2d260a37a8b83d2f043ac309 \
    --hash=sha256:d03ceb89cb322a8fd706d4fb91940737b6642aa36998fe130a9bc96c985eff32
    # via
    #   jsonschema
    #   referencing
cloudpickle==3.1.2 \
    --hash=sha256:7fda9eb655c9c230dab534f1983763de5835249750e85fbcef43aaa30a9a2414 \
    --hash=sha256:9acb47f6afd73f60dc1df93bb801b472f05ff42fa6c84167d25cb206be1fbf4a
    # via joblib
fastjsonschema==2.22.2 \
    --hash=sha256:0fb3915616adac85ccfdd737d26be1089845d2019819505b42d39888458f74d4 \
    --hash=sha256:72064e12356a7d6ef02165be2946b9abadbdf238536e07eb587e3dbaa33099cf
    # via nbformat
iniconfig==2.3.1 \
    --hash=sha256:67f4b9c50da0dedf52af349e7749a80a9057a5031199791b906c3bb3ae878960 \
    --hash=sha256:9121e2c1fdb355232495be3194c8dfe87ccc2d5dee45947b78e68f499790d7a7
    # via pytest
joblib==1.6.0 \
    --hash=sha256:2ccc96785b12046c08fd6d55839c12857831b54a3c1673ffadd2f04bfc4eda03 \
    --hash=sha256:3dbbf9f6e4b592a2357b854608e980fe6390d131d7a82f011a377ef2ebef7aba
    # via scikit-learn
jsonschema==4.26.0 \
    --hash=sha256:0c26707e2efad8aa1bfc5b7ce170f3fccc2e4918ff85989ba9ffa9facb2be326 \
    --hash=sha256:d489f15263b8d200f8387e64b4c3a75f06629559fb73deb8fdfb525f2dab50ce
    # via nbformat
jsonschema-specifications==2025.9.1 \
    --hash=sha256:98802fee3a11ee76ecaca44429fda8a41bff98b00a0f2838151b113f210cc6fe \
    --hash=sha256:b540987f239e745613c7a9176f3edb72b832a4ac465cf02712288397832b5e8d
    # via jsonschema
jupyter-core==5.9.1 \
    --hash=sha256:4d09aaff303b9566c3ce657f580bd089ff5c91f5f89cf7d8846c3cdf465b5508 \
    --hash=sha256:ebf87fdc6073d142e114c72c9e29a9d7ca03fad818c5d300ce2adc1fb0743407
    # via nbformat
nbformat==5.10.4 \
    --hash=sha256:322168b14f937a5d11362988ecac2a4952d3d8e3a2cbeb2319584631226d5b3a \
    --hash=sha256:3b48d6c8fbca4b299bf3982ea7db1af21580e4fec269ad087b9e81588891200b
    # via -r requirements-test.txt
numpy==2.3.5 \
    --hash=sha256:00dc4e846108a382c5869e77c6ed514394bdeb3403461d25a829711041217d5b \
    --hash=sha256:0472f11f6ec23a74a906a00b48a4dcf3849209696dff7c189714511268d103ae \
    --hash=sha256:04822c00b5fd0323c8166d66c701dc31b7fbd252c100acd708c48f763968d6a3 \
    --hash=sha256:052e8c42e0c49d2575621c158934920524f6c5da05a1d3b9bab5d8e259e045f0 \
    --hash=sha256:09a1bea522b25109bf8e6f3027bd810f7c1085c64a0c7ce050c1676ad0ba010b \
    --hash=sha256:0cd00b7b36e35398fa2d16af7b907b65304ef8bb4817a550e06e5012929830fa \
    --hash=sha256:0d8163f43acde9a73c2a33605353a4f1bc4798745a8b1d73183b28e5b435ae28 \
    --hash=sha256:1062fde1dcf469571705945b0f221b73928f34a20c904ffb45db101907c3454e \
    --hash=sha256:11e06aa0af8c0f05104d56450d6093ee639e15f24ecf62d417329d06e522e017 \
    --hash=sha256:17531366a2e3a9e30762c000f2c43a9aaa05728712e25c11ce1dbe700c53ad41 \
    --hash=sha256:1978155dd49972084bd6ef388d66ab70f0c323ddee6f693d539376498720fb7e \
    --hash=sha256:1ed1ec893cff7040a02c8aa1c8611b94d395590d553f6b53629a4461dc7f7b63 \
    --hash=sha256:2dcd0808a421a482a080f89859a18beb0b3d1e905b81e617a188bd80422d62e9 \
    --hash=sha256:2e2eb32ddb9ccb817d620ac1d8dae7c3f641c1e5f55f531a33e8ab97960a75b8 \
    --hash=sha256:2feae0d2c91d46e59fcd62784a3a83b3fb677fead592ce51b5a6fbb4f95965ff \
    --hash=sha256:3095bdb8dd297e5920b010e96134ed91d852d81d490e787beca7e35ae1d89cf7 \
    --hash=sha256:30bc11310e8153ca664b14c5f1b73e94bd0503681fcf136a163de856f3a50139 \
    --hash=sha256:3101e5177d114a593d79dd79658650fe28b5a0d8abeb8ce6f437c0e6df5be1a4 \
    --hash=sha256:396084a36abdb603546b119d96528c2f6263921c50df3c8fd7cb28873a237748 \
    --hash=sha256:3997b5b3c9a771e157f9aae01dd579ee35ad7109be18db0e85dbdbe1de06e952 \
    --hash=sha256:414802f3b97f3c1eef41e530aaba3b3c1620649871d8cb38c6eaff034c2e16bd \
    --hash=sha256:51c1e14eb1e154ebd80e860722f9e6ed6ec89714ad2db2d3aa33c31d7c12179b \
    --hash=sha256:51c55fe3451421f3a6ef9a9c1439e82101c57a2c9eab9feb196a62b1a10b58ce \
    --hash=sha256:5ee6609ac3604fa7780e30a03e5e241a7956f8e2fcfe547d51e3afa5247ac47f \
    --hash=sha256:612a95a17655e213502f60cfb9bf9408efdc9eb1d5f50535cc6eb365d11b42b5 \
    --hash=sha256:6203fdf9f3dc5bdaed7319ad8698e685c7a3be10819f41d32a0723e611733b42 \
    --hash=sha256:63c0e9e7eea69588479ebf4a8a270d5ac22763cc5854e9a7eae952a3908103f7 \
    --hash=sha256:66f85ce62c70b843bab1fb14a05d5737741e74e28c7b8b5a064de10142fad248 \
    --hash=sha256:6cf9b429b21df6b99f4dee7a1218b8b7ffbbe7df8764dc0bd60ce8a0708fed1e \
    --hash=sha256:70b37199913c1bd300ff6e2693316c6f869c7ee16378faf10e4f5e3275b299c3 \
    --hash=sha256:727fd05b57df37dc0bcf1a27767a3d9a78cbbc92822445f32cc3436ba797337b \
    --hash=sha256:74ae7b798248fe62021dbf3c914245ad45d1a6b0cb4a29ecb4b31d0bfbc4cc3e \
    --hash=sha256:784db1dcdab56bf0517743e746dfb0f885fc68d948aba86eeec2cba234bdf1c0 \
    --hash=sha256:86945f2ee6d10cdfd67bcb4069c1662dd711f7e2a4343db5cecec06b87cf31aa \
    --hash=sha256:86d835afea1eaa143012a2d7a3f45a3adce2d7adc8b4961f0b362214d800846a \
    --hash=sha256:872a5cf366aec6bb1147336480fef14c9164b154aeb6542327de4970282cd2f5 \
    --hash=sha256:8b973c57ff8e184109db042c842423ff4f60446239bd585a5131cc47f06f789d \
    --hash=sha256:8cba086a43d54ca804ce711b2a940b16e452807acebe7852ff327f1ecd49b0d4 \
    --hash=sha256:8f7f0e05112916223d3f438f293abf0727e1181b5983f413dfa2fefc4098245c \
    --hash=sha256:900218e456384ea676e24ea6a0417f030a3b07306d29d7ad843957b40a9d8d52 \
    --hash=sha256:93eebbcf1aafdf7e2ddd44c2923e2672e1010bddc014138b229e49725b4d6be5 \
    --hash=sha256:9c75442b2209b8470d6d5d8b1c25714270686f14c749028d2199c54e29f20b4d \
    --hash=sha256:9ee2197ef8c4f0dfe405d835f3b6a14f5fee7782b5de51ba06fb65fc9b36e9f1 \
    --hash=sha256:a414504bef8945eae5f2d7cb7be2d4af77c5d1cb5e20b296c2c25b61dff2900c \
    --hash=sha256:a4b9159734b326535f4dd01d947f919c6eefd2d9827466a696c44ced82dfbc18 \
    --hash=sha256:a80afd79f45f3c4a7d341f13acbe058d1ca8ac017c165d3fa0d3de6bc1a079d7 \
    --hash=sha256:aa5bc7c5d59d831d9773d1170acac7893ce3a5e130540605770ade83280e7188 \
    --hash=sha256:acfd89508504a19ed06ef963ad544ec6664518c863436306153e13e94605c218 \
    --hash=sha256:aeffcab3d4b43712bb7a60b65f6044d444e75e563ff6180af8f98dd4b905dfd2 \
    --hash=sha256:afaffc4393205524af9dfa400fa250143a6c3bc646c08c9f5e25a9f4b4d6a903 \
    --hash=sha256:b0c7088a73aef3d687c4deef8452a3ac7c1be4e29ed8bf3b366c8111128ac60c \
    --hash=sha256:b46b4ec24f7293f23adcd2d146960559aaf8020213de8ad1909dba6c013bf89c \
    --hash=sha256:b501b5fa195cc9e24fe102f21ec0a44dffc231d2af79950b451e0d99cea02234 \
    --hash=sha256:bf06bc2af43fa8d32d30fae16ad965663e966b1a3202ed407b84c989c3221e82 \
    --hash=sha256:c804e3a5aba5460c73955c955bdbd5c08c354954e9270a2c1565f62e866bdc39 \
    --hash=sha256:c8a9958e88b65c3b27e22ca2a076311636850b612d6bbfb76e8d156aacde2aaf \
    --hash=sha256:cc0a57f895b96ec78969c34f682c602bf8da1a0270b09bc65673df2e7638ec20 \
    --hash=sha256:cc8920d2ec5fa99875b670bb86ddeb21e295cb07aa331810d9e486e0b969d946 \
    --hash=sha256:ccc933afd4d20aad3c00bcef049cb40049f7f196e0397f1109dba6fed63267b0 \
    --hash=sha256:ce581db493ea1a96c0556360ede6607496e8bf9b3a8efa66e06477267bc831e9 \
    --hash=sha256:d0f23b44f57077c1ede8c5f26b30f706498b4862d3ff0a7298b8411dd2f043ff \
    --hash=sha256:d21644de1b609825ede2f48be98dfde4656aefc713654eeee280e37cadc4e0ad \
    --hash=sha256:d6889ec4ec662a1a37eb4b4fb26b6100841804dac55bd9df579e326cdc146227 \
    --hash=sha256:de5672f4a7b200c15a4127042170a694d4df43c992948f5e1af57f0174beed10 \
    --hash=sha256:e6a0bc88393d65807d751a614207b7129a310ca4fe76a74e5c7da5fa5671417e \
    --hash=sha256:ed89927b86296067b4f81f108a2271d8926467a8868e554eaf370fc27fa3ccaf \
    --hash=sha256:ee3888d9ff7c14604052b2ca5535a30216aa0a58e948cdd3eeb8d3415f638769 \
    --hash=sha256:f0963b55cdd70fad460fa4c1341f12f976bb26cb66021a5580329bd498988310 \
    --hash=sha256:f16417ec91f12f814b10bafe79ef77e70113a2f5f7018640e7425ff979253425 \
    --hash=sha256:f28620fe26bee16243be2b7b874da327312240a7cdc38b769a697578d2100013 \
    --hash=sha256:f4255143f5160d0de972d28c8f9665d882b5f61309d8362fdd3e103cf7bf010c \
    --hash=sha256:ffac52f28a7849ad7576293c0cb7b9f08304e8f7d738a8cb8a90ec4c55a998eb \
    --hash=sha256:ffe22d2b05504f786c867c8395de703937f934272eb67586817b46188b4ded6d \
    --hash=sha256:fffe29a1ef00883599d1dc2c51aa2e5d80afe49523c261a74933df395c15c520
    # via
    #   -r requirements-test.txt
    #   pandas
    #   scikit-learn
    #   scipy
packaging==26.3 \
    --hash=sha256:94edc256424af38762eb31306eed28beb9f0efc50a8837492c9d6fd6004aed79 \
    --hash=sha256:d7193f7c8e4e93f444fde0262bf90af30e16fa0ad0ad44cb553c87339b23cd1c
    # via pytest
pandas==2.2.3 \
    --hash=sha256:062309c1b9ea12a50e8ce661145c6aab431b1e99530d3cd60640e255778bd43a \
    --hash=sha256:15c0e1e02e93116177d29ff83e8b1619c93ddc9c49083f237d4312337a61165d \
    --hash=sha256:1948ddde24197a0f7add2bdc4ca83bf2b1ef84a1bc8ccffd95eda17fd836ecb5 \
    --hash=sha256:1db71525a1538b30142094edb9adc10be3f3e176748cd7acc2240c2f2e5aa3a4 \
    --hash=sha256:22a9d949bfc9a502d320aa04e5d02feab689d61da4e7764b62c30b991c42c5f0 \
    --hash=sha256:29401dbfa9ad77319367d36940cd8a0b3a11aba16063e39632d98b0e931ddf32 \
    --hash=sha256:31d0ced62d4ea3e231a9f228366919a5ea0b07440d9d4dac345376fd8e1477ea \
    --hash=sha256:3508d914817e153ad359d7e069d752cdd736a247c322d932eb89e6bc84217f28 \
    --hash=sha256:37e0aced3e8f539eccf2e099f65cdb9c8aa85109b0be6e93e2baff94264bdc6f \
    --hash=sha256:381175499d3802cde0eabbaf6324cce0c4f5d52ca6f8c377c29ad442f50f6348 \
    --hash=sha256:38cf8125c40dae9d5acc10fa66af8ea6fdf760b2714ee482ca691fc66e6fcb18 \
    --hash=sha256:3b71f27954685ee685317063bf13c7709a7ba74fc996b84fc6821c59b0f06468 \
    --hash=sha256:3fc6873a41186404dad67245896a6e440baacc92f5b716ccd1bc9ed2995ab2c5 \
    --hash=sha256:4850ba03528b6dd51d6c5d273c46f183f39a9baf3f0143e566b89450965b105e \
    --hash=sha256:4f18ba62b61d7e192368b84517265a99b4d7ee8912f8708660fb4a366cc82667 \
    --hash=sha256:56534ce0746a58afaf7942ba4863e0ef81c9c50d3f0ae93e9497d6a41a057645 \
    --hash=sha256:59ef3764d0fe818125a5097d2ae867ca3fa64df032331b7e0917cf5d7bf66b13 \
    --hash=sha256:5dbca4c1acd72e8eeef4753eeca07de9b1db4f398669d5994086f788a5d7cc30 \
    --hash=sha256:5de54125a92bb4d1c051c0659e6fcb75256bf799a732a87184e5ea503965bce3 \
    --hash=sha256:61c5ad4043f791b61dd4752191d9f07f0ae412515d59ba8f005832a532f8736d \
    --hash=sha256:6374c452ff3ec675a8f46fd9ab25c4ad0ba590b71cf0656f8b6daa5202bca3fb \
    --hash=sha256:63cc132e40a2e084cf01adf0775b15ac515ba905d7dcca47e9a251819c575ef3 \
    --hash=sha256:66108071e1b935240e74525006034333f98bcdb87ea116de573a6a0dccb6c039 \
    --hash=sha256:6dfcb5ee8d4d50c06a51c2fffa6cff6272098ad6540aed1a76d15fb9318194d8 \
    --hash=sha256:7c2875855b0ff77b2a64a0365e24455d9990730d6431b9e0ee18ad8acee13dbd \
    --hash=sha256:7eee9e7cea6adf3e3d24e304ac6b8300646e2a5d1cd3a3c2abed9101b0846761 \
    --hash=sha256:800250ecdadb6d9c78eae4990da62743b857b470883fa27f652db8bdde7f6659 \
    --hash=sha256:86976a1c5b25ae3f8ccae3a5306e443569ee3c3faf444dfd0f41cda24667ad57 \
    --hash=sha256:8cd6d7cc958a3910f934ea8dbdf17b2364827bb4dafc38ce6eef6bb3d65ff09c \
    --hash=sha256:99df71520d25fade9db7c1076ac94eb994f4d2673ef2aa2e86ee039b6746d20c \
    --hash=sha256:a5a1595fe639f5988ba6a8e5bc9649af3baf26df3998a0abe56c02609392e0a4 \
    --hash=sha256:ad5b65698ab28ed8d7f18790a0dc58005c7629f227be9ecc1072aa74c0c1d43a \
    --hash=sha256:b1d432e8d08679a40e2a6d8b2f9770a5c21793a6f9f47fdd52c5ce1948a5a8a9 \
    --hash=sha256:b8661b0238a69d7aafe156b7fa86c44b881387509653fdf857bebc5e4008ad42 \
    --hash=sha256:ba96630bc17c875161df3818780af30e43be9b166ce51c9a18c1feae342906c2 \
    --hash=sha256:bc6b93f9b966093cb0fd62ff1a7e4c09e6d546ad7c1de191767baffc57628f39 \
    --hash=sha256:c124333816c3a9b03fbeef3a9f230ba9a737e9e5bb4060aa2107a86cc0a497fc \
    --hash=sha256:cd8d0c3be0515c12fed0bdbae072551c8b54b7192c7b1fda0ba56059a0179698 \
    --hash=sha256:d9c45366def9a3dd85a6454c0e7908f2b3b8e9c138f5dc38fed7ce720d8453ed \
    --hash=sha256:f00d1345d84d8c86a63e476bb4955e46458b304b9575dcf71102b5c705320015 \
    --hash=sha256:f3a255b2c19987fbbe62a9dfd6cff7ff2aa9ccab3fc75218fd4b7530f01efa24 \
    --hash=sha256:fffb8ae78d8af97f849404f21411c95062db1496aeb3e56f146f0355c9989319
    # via -r requirements-test.txt
platformdirs==4.12.4 \
    --hash=sha256:63743c02414e755de4e31b8f68125c1407495b86c5a006e203c01ff8b9924250 \
    --hash=sha256:78bfb9db2a8471ed7eebe3c3c932da413911042994e699b384fbb4493fa872d7
    # via jupyter-core
pluggy==1.6.0 \
    --hash=sha256:7dcc130b76258d33b90f61b658791dede3486c3e6bfb003ee5c9bfb396dd22f3 \
    --hash=sha256:e920276dd6813095e9377c0bc5566d94c932c33b27a3e3945d8389c374dd4746
    # via pytest
pygments==2.21.0 \
    --hash=sha256:2363c69b61c4a97c838da3b130dcd6468f4848992b21a82f2a63ec34377137d9 \
    --hash=sha256:610ca751c9bc2492b38eb9a38a7fbc93edbbb2d7182edaf34e66ae493dee5c8c
    # via pytest
pytest==9.0.2 \
    --hash=sha256:711ffd45bf766d5264d487b917733b453d917afd2b0ad65223959f59089f875b \
    --hash=sha256:75186651a92bd89611d1d9fc20f0b4345fd827c41ccd5c299a868a05d70edf11
    # via -r requirements-test.txt
python-dateutil==2.9.0.post0 \
    --hash=sha256:37dd54208da7e1cd875388217d5e00ebd4179249f90fb72437e91a35459a0ad3 \
    --hash=sha256:a8b2bc7bffae282281c8140a97d3aa9c14da0b136dfe83f850eea9a5f7470427
    # via pandas
pytz==2026.5 \
    --hash=sha256:e658af3757f9e26a9d25dd2aff38335acd92bc9104f890a894b2c1ba28311b03 \
    --hash=sha256:fa23724b9c486543b9ff54a327ee7569ac83ade54bb9afd0fc18676620401c86
    # via pandas
referencing==0.37.0 \
    --hash=sha256:381329a9f99628c9069361716891d34ad94af76e461dcb0335825aecc7692231 \
    --hash=sha256:44aefc3142c5b842538163acb373e24cce6632bd54bdb01b21ad5863489f50d8
    # via
    #   jsonschema
    #   jsonschema-specifications
rpds-py==2026.9.1 \
    --hash=sha256:00ba2d8c7dd4ee537978ddf4b3fbd712bef2d8751603f7f3146b3f4287768e25 \
    --hash=sha256:01445c8d194aa032a08e944f16567672da1c62dbdbefd8b6d0693032e290cf68 \
    --hash=sha256:028ad274ea951dac64491b5d1e65712a4aeabfdbdb9fccf797b57bd899b0c495 \
    --hash=sha256:0483515261947e4e8b8e1375bf7463e7eb6ccfb3d86e7b554d90cd5285f20f32 \
    --hash=sha256:068c37bba854ec2fe42f7365c640af11dd9895890ccbf2df5070d0c059bd7f96 \
    --hash=sha256:074a4d198bc34d9a8ea425114fc3ded6d11ec01f6a314a8db67454a5152d8834 \
    --hash=sha256:07deecbfce94c78473018bc7d10b337cc651d12df87a1eb2cb3e4024bc9c33d0 \
    --hash=sha256:08dae4a4095150a7c4545a1fb40b98e1ab1744fbc2770d92c977b9dadaa49ab6 \
    --hash=sha256:0da298fb372dc192610a4b9ecbc68a0cd8b675bbbd1fc519d01b41cfd658333e \
    --hash=sha256:0f045bb053c9057720d72c56dffe30dffdc05997b2897a827b9325f0ab6623fa \
    --hash=sha256:10e208f2425d973938afcd56e28a7c4be32e27b6a60b5d381f49fb9d8acf9759 \
    --hash=sha256:136a1c3fe4402b7008bc81cb62ee538481795b61a7e83df88dff3b3f02b726ff \
    --hash=sha256:159a7aab5c5e8b112c8830f54717ce56da1252ebdbb526f5be2df2309280b9e7 \
    --hash=sha256:172e47169583f46ce118cbec68e6795d0da0f4606b488b6434f8276bca0a058c \
    --hash=sha256:1c2d1f6da5128eabf34e963d7163a818846075a52568250d006c4c953b40f903 \
    --hash=sha256:1d55198263bb51f557550c6ed2e6d1cb6a6fed6eb5c9120b741c5926bef8a45d \
    --hash=sha256:1d77b649e6f7cdf12ca5c2a98dad0ad37f9ea9b6f960408a92f0cb12bb3d04d9 \
    --hash=sha256:1e8d4d79d828299bf44a55db22a9388ab967b49d17132c88eab0f4360b48da8e \
    --hash=sha256:22ffd29a63d71fb1b81552c21f2c2b734949b7ac751a9be70675a939a900839b \
    --hash=sha256:2693b2728bbcc48d09a981a356954b0c47c53ff25b545856f28a889ea619f69a \
    --hash=sha256:270bdcdaac5d5b6f73c5e22e7e135c7f2a50e789f71d9e241d5be8d90026e19a \
    --hash=sha256:2711d29b653b3bce48a63d18b9c6b53274669e6d6c4094dddeb4d9a0e45128b2 \
    --hash=sha256:2c16ab111bc27c646ba8aa005d0527754edc538ebb636f0b1bf8e244b48d1945 \
    --hash=sha256:306ee1850d8105b5baf977e78d45fcadd12c1a54678d614c9baf217708446e91 \
    --hash=sha256:3231c4c0e521dafa5be0c9f114ee2c2ad46650836f2d72caa86801950c3e7044 \
    --hash=sha256:3890a6aa36e6baa53d5258a2a25d3ef8b37ad165a6ab27a892d7c3e3a432cd69 \
    --hash=sha256:3a72c11530d71abfb66c8d7696a2f86c43e63fca8b948f1a784ac490f4ec688e \
    --hash=sha256:3b5a6f40f0a1486b4b36c888123afc67acdbd9f33235927acf5ff295429a0ba3 \
    --hash=sha256:3c91c210ae7645626c608400e3519b4a642f837cce09ca830db3beb2e9f274d4 \
    --hash=sha256:3cd182d7291d29b92c521a0069d9c01ba6193628a9a105531d11b40a6d731a33 \
    --hash=sha256:3e524c7874ac72884d28e16dd5b8d839fd09e0fe76b020d3fbca23212a7b8c52 \
    --hash=sha256:3e93b2cd69a9830be33e03945cd7cda940a0a8bfcfbff41d6144f0cb0d3d8bd9 \
    --hash=sha256:3edae8c5ddfdb6985d49ae9d150516e5076888879022f91a26c2de9276ce0bdb \
    --hash=sha256:3f0e9ac28fc067d4d34b88ae43c48e9489455c97fee9633d851f7eeed5a05d35 \
    --hash=sha256:42e75466f83cd43f6026c81eab74246efb2bdadafb307b85700632d06c68f299 \
    --hash=sha256:44b32a7c4f0da3d28af31c259e38ddcff096f855e205ed0671d02fcf44f1ea1c \
    --hash=sha256:457866b85daf5034296666168b84a69e0b2e89dc4f1af102b46f6448a60b9063 \
    --hash=sha256:45bc6bccf78b20fd834237d18db64965d7ee68ba7f60440a26c7ab71e7b8d51a \
    --hash=sha256:46d80bc76b51a6c24f9944368c28d38b8bcbcea1da4f2f8d3ebc31a67e8c6ec6 \
    --hash=sha256:4793ef7f78268b124b73fa933440f01d258bbae01de9fa53e9080c9ab0425a12 \
    --hash=sha256:492e5e428cbe126221611f47e068f01660352feec4ad18bc0f5ea9b2ae88fb14 \
    --hash=sha256:4b26b03d9d2658ee2fa234f8f4f19f38a09773fe5261028025032e26d4d35af0 \
    --hash=sha256:4c0d2cb595a420b34d5086db0add011e26e2c09d6a024afbac4228bf8f863a30 \
    --hash=sha256:4cfaf02209061880210819934de2f4f6aa83dc04dafe6770276acc240a56da31 \
    --hash=sha256:501909f2e4a1e2dee528ef766fe3c469060ebc17e54a8383d404ba07a81a6f02 \
    --hash=sha256:50906f5aea24b5a865cbd0a589698288631d9f3a54c3a937c83aefa95a0d14af \
    --hash=sha256:54ac2158a6f96cfbabff0b2eedaf94b90c5ec7ca8317fcadc61e1c2b2e0ff6ef \
    --hash=sha256:56c6952a9b15047466d0c2347c446a761d4527f89976156341e68f0ce5cc08b0 \
    --hash=sha256:56cd8b3f77d7b6812f533b662186a1f28316931166ddc00fb893b1b0db7e9888 \
    --hash=sha256:57492a550a1d88d29d003247e5f78dd8cf04a701fac0e4c8db8745a6d2504e0a \
    --hash=sha256:5943980471829f6de242a20b109de3111ba6b77e3af0ffc587028ac854b05e6c \
    --hash=sha256:5c6ee90dee3e85e055ddfd502d611643d9b0fd94c818220bda84ec3dacd9b27b \
    --hash=sha256:5c90e7fa02e8f5de0d10c17595c568ada48c5302e749462c0ea1a4c362111a86 \
    --hash=sha256:5ce8943f79c2210f7abcc28e86367b03b28d95027fd01c46d2472373ae70c86f \
    --hash=sha256:617f59cde379b4f648a09797b7f683d04b90a46344cddab85639da5aff0f5531 \
    --hash=sha256:6307a0da524939decb8ca4a3933b8ab62525794411d6984fca6726e732804af6 \
    --hash=sha256:684fd492fff4fead00587544e059be2bbcb6f93454f21fa2a91b66fc7508be82 \
    --hash=sha256:6b5b393eda5ea42cca1c1a6665f2a4882b4fd5d1777e41ce0545a107fb008c9d \
    --hash=sha256:6b723eb406dec5bc9ec516c73ab9c3239a3284e017f7eb89ee2b3258bd504fb7 \
    --hash=sha256:6b9bf3135b4ad5981df9a73d71a35272d650a2985ae9c2746357b24d59de2448 \
    --hash=sha256:6beb738155fe8ab8091afdfa5a3226b21c2b1593f1e50ebb90eb25b44dbc0391 \
    --hash=sha256:6c0dbbcc19735fe5f8b0a54c07659d154a9e69f47e15d0a6ab7299215daf62cb \
    --hash=sha256:6cdc537c8633d7fd92a82e2e0d2ab74320a3f63d5e59fb9cf08711e08fe151c4 \
    --hash=sha256:6eae33003518fd4cb4f83a218d5371469dd3001aa3b87128c005b07762f7fe5e \
    --hash=sha256:740d0a99cf9de0b17a3943388e9294a59becf75e7c43421f387bd3c7a9901f7c \
    --hash=sha256:75c38c50ab9aca840225d9a9a3810bf11d04bd5c1f186cabbb8aee56db3e9b15 \
    --hash=sha256:761fdae6728ceb99ab182fad2f0cc1e262f610834dc891aea1d1a2a2e634776f \
    --hash=sha256:7664419f27db41d4f1c43a78dccda7dd6e8ef2428df3ee01d0c2a07a6b071297 \
    --hash=sha256:76d3af9732d2dab69f28179b40ba2d87e2f1d5824b4a694780aa787d685e8f36 \
    --hash=sha256:78326f4cb4427a56ba4996c0762b63be45f06b85f086526420d2b3a66e40f84d \
    --hash=sha256:7868b85224291c6cb6759f9b5adb9745f486d226f62b16a614dd5a2a5ab2b35b \
    --hash=sha256:815d26356930846a40c7bc1366e7b1b0320ab8a063e66c11298a208bed0fd237 \
    --hash=sha256:8171b44a054e5c67fd748ada04187f1250bf35b95f85e52ab64bcf3331a923bb \
    --hash=sha256:821b2755db9194409254012f429c56643416fb96ef9be090be82ec8826b7f477 \
    --hash=sha256:837c6b305e26fe0f75b15c92cf3b2ba29e0ae19dc40b1c557b026cb426347d0c \
    --hash=sha256:839dde845559254f34885267c6878f60d61d5205180226d976fe488d45fa128e \
    --hash=sha256:84a6ecc0c940169190d2c23bd969debd48c94dbc855acd60188a68d71d421608 \
    --hash=sha256:8601470267d938bcb7f3ab1a336100af51a4fd5b6ed030ef52461bb3ef5e7e07 \
    --hash=sha256:88b5268892fde430d5531f95bc560b6efbbd67c929662c586afd729a96e7461c \
    --hash=sha256:8aa5dda18d39b6143eb24809d158f9252c88f402749b6f1b62a506cc7d96cc35 \
    --hash=sha256:926bdd3e3b5998ddf70cc64bc8cf57209571f9044542913afb673799fec77dd0 \
    --hash=sha256:96beca19ec79de272e8668585380ff9092c47077c1d7a1e098e00bbd921f4785 \
    --hash=sha256:9a0460d43603d1fd9ef59c30278531e15d78581721ddb538fa560aa7817ea4ad \
    --hash=sha256:a03d57b86d2a51d0a66c92177e2be154ad015f357791d306e714569999cdb4cc \
    --hash=sha256:a36b70596407634ca82d4b989a3729074a008537a0522e4c8046a67c729103e9 \
    --hash=sha256:a3a52a3ba86436ab3aef510fbe21512abc2ddd1993005dfe50514bd2284ef025 \
    --hash=sha256:a3dbc5ed9514908d5046107d7b1346bde71eea61de6e0e4919c19354f97e769f \
    --hash=sha256:a431156bb41865fc14cd5d79bb9d7bbed83110b0159e34e62ae30951f96c0009 \
    --hash=sha256:a575404ebc9cf2e91edd32eaf570ec1430eb900d4f56724ba7dd4bc1fc9c176d \
    --hash=sha256:a5cf77eb04f20b720be95265a3e00eb2a14814074255cc27069c551b2db53118 \
    --hash=sha256:a8763f20692da7df39b0afdd1ba3042b004c50a45994f76c2d9a25641f7673db \
    --hash=sha256:ab4b2fda7c2b542f7f9d886cc6a838c5079d2b76f72e6081411faba11adde2c9 \
    --hash=sha256:addeda51556dac7c1a2f14cda62db8b621cd12afba3091d03a96c72932387eab \
    --hash=sha256:b242c27c8f836305a4a72df9cdd564386ac57b807bd252a063223331c9316b37 \
    --hash=sha256:b4f062343e7ad3fa94f2c66e5ae667dee47ee74dd41a9057c4fbe163236a123d \
    --hash=sha256:b5b8b0753718d258fd454283fbd57e14545d3b40583fa672e27cb4f987626bcc \
    --hash=sha256:be3e47e2d91aa3942ff9bf4077a505226005abfc39b6f7554a91c1b9393986b9 \
    --hash=sha256:befc2d6a953e563f8a7bfd87a42c22ebf8a3e980dcb7b6a4d17b70b0e914e8a3 \
    --hash=sha256:bf35d0568abda97233239ce32896d3ad53fccc537832c104e30c94aa5fb93569 \
    --hash=sha256:c933c6678c6f116ff8af47a4c6db0868b8ace74af0343016c0ef00f00272ea69 \
    --hash=sha256:c9d1aca01f49170fdcf5c92761b1fafe97f554b721ca4570c5949fff778f0d4b \
    --hash=sha256:cdeaa99ce822dca76cfb1b993e9120c5ea212f2eb66d48950ad63c349668a018 \
    --hash=sha256:ce4d4f52e2a4324396caddbd45a97d8d7be5f42edd25d2355282a9c34f9b2f7f \
    --hash=sha256:d1028417bb44037eb3069c1009bd7b7277212876cda22fbe565b0bca9fab6d2c \
    --hash=sha256:d151e148117294133bf8af7eeace085e7e87432db15ab6adf640330298a47f6f \
    --hash=sha256:d7841166b7fa64c9c56404617ae4341448847482d45933b13135d26c130519e5 \
    --hash=sha256:d7fca4eb6df565e2a928f1c7dad92d27db8f9df0f449e76423ed5d7e713ed445 \
    --hash=sha256:d95a354e02393eada6d7351184671aced9d4cce109dabf927cb7aa99624352a1 \
    --hash=sha256:d9edf30457d74eebfd76b045535e36f1cd89062566a128a0db2145ca042d787e \
    --hash=sha256:dbc2673f9223d420c91145599b3ba45a8a50c207d1976908e5fb5ddb0c9b9429 \
    --hash=sha256:e01b3c878c8641913e688edd1b3f08658c6783d29cf6b826bd3c0d1ae7a1ffaa \
    --hash=sha256:e21c1429e205828ea886a2293a4a2c8e01f4c25d9893ca330e97a6cf73f52e7b \
    --hash=sha256:e43d4a1f673e8a1cbd8533e809e02b4bf9d4f2280269bb640436556312121250 \
    --hash=sha256:e6d198bad4e49dd6732fbd636e2fc5c082f45c8cad0b4acb756b00c82c76072e \
    --hash=sha256:e6ea1cda8d8c688278430e4268a42f5e5da3bdd74578dfadc0820c3f1766ce83 \
    --hash=sha256:ea394a937f17a54c51239348bdbe2e3518124c8d4a8951ba04a311d3095bd18f \
    --hash=sha256:eac2f5dbafd585dfe31f86a23ebf0d3ba480a9d49ebc87947267b5608d4ea0cd \
    --hash=sha256:eb61be926bb81567c1f48bdc8aa22b9855048dc2efd53871f9f7e6e9a5632346 \
    --hash=sha256:eba5d173f7d5708b22a93815017a4611873ed54db9f268077c0dd1ed99cfc858 \
    --hash=sha256:ec450527cbf485e13c8d3602a54f428ab0432fdade0ede75efd74b735421c871 \
    --hash=sha256:eef6a03b0b6d08d0835ccfa8ec8d1bc70525e3801387567137b50c557695e6da \
    --hash=sha256:ef0d8c843e2827d6c120ab4687e9423fb1d893db1df27b7c1506615bcb9734a0 \
    --hash=sha256:ef6b65b03247c54692ad4fd9ee97cb772781927db72e3cb05e70b3db6d1ff14f \
    --hash=sha256:f3d6ed6a98cfd19155996605474982cc470d7601746a6439078f1a5a3fa8b050 \
    --hash=sha256:fce4b85234a0cbad67bf8e6e1201ee815d172c9aebad75f25645bc4d834f8e31 \
    --hash=sha256:fda1d96e542c37b6c804547dbf489c129fe7c97183a76a5ec275909ba1a063df \
    --hash=sha256:fdcd198979b4ecffcc1beba366a7fbcf4eb41243691a82fe52ceb0b902f09c12 \
    --hash=sha256:fe5ad0664ec772b02c45859041aa17655709cced7a31005817fbbbd988c25567
    # via
    #   jsonschema
    #   referencing
scikit-learn==1.8.0 \
    --hash=sha256:00d6f1d66fbcf4eba6e356e1420d33cc06c70a45bb1363cd6f6a8e4ebbbdece2 \
    --hash=sha256:0d6ae97234d5d7079dc0040990a6f7aeb97cb7fa7e8945f1999a429b23569e0a \
    --hash=sha256:146b4d36f800c013d267b29168813f7a03a43ecd2895d04861f1240b564421da \
    --hash=sha256:15fc3b5d19cc2be65404786857f2e13c70c83dd4782676dd6814e3b89dc8f5b9 \
    --hash=sha256:2838551e011a64e3053ad7618dda9310175f7515f1742fa2d756f7c874c05961 \
    --hash=sha256:29ffc74089f3d5e87dfca4c2c8450f88bdc61b0fc6ed5d267f3988f19a1309f6 \
    --hash=sha256:2de443b9373b3b615aec1bb57f9baa6bb3a9bd093f1269ba95c17d870422b271 \
    --hash=sha256:35c007dedb2ffe38fe3ee7d201ebac4a2deccd2408e8621d53067733e3c74809 \
    --hash=sha256:3bad7565bc9cf37ce19a7c0d107742b320c1285df7aab1a6e2d28780df167242 \
    --hash=sha256:4496bb2cf7a43ce1a2d7524a79e40bc5da45cf598dbf9545b7e8316ccba47bb4 \
    --hash=sha256:4511be56637e46c25721e83d1a9cea9614e7badc7040c4d573d75fbe257d6fd7 \
    --hash=sha256:5025ce924beccb28298246e589c691fe1b8c1c96507e6d27d12c5fadd85bfd76 \
    --hash=sha256:56079a99c20d230e873ea40753102102734c5953366972a71d5cb39a32bc40c6 \
    --hash=sha256:5e30adb87f0cc81c7690a84f7932dd66be5bac57cfe16b91cb9151683a4a2d3b \
    --hash=sha256:5fb63362b5a7ddab88e52b6dbb47dac3fd7dafeee740dc6c8d8a446ddedade8e \
    --hash=sha256:6b595b07a03069a2b1740dc08c2299993850ea81cce4fe19b2421e0c970de6b7 \
    --hash=sha256:72358cce49465d140cc4e7792015bb1f0296a9742d5622c67e31399b75468b9e \
    --hash=sha256:74b66d8689d52ed04c271e1329f0c61635bcaf5b926db9b12d58914cdc01fe57 \
    --hash=sha256:7cc267b6108f0a1499a734167282c00c4ebf61328566b55ef262d48e9849c735 \
    --hash=sha256:80832434a6cc114f5219211eec13dcbc16c2bac0e31ef64c6d346cde3cf054cb \
    --hash=sha256:8c497fff237d7b4e07e9ef1a640887fa4fb765647f86fbe00f969ff6280ce2bb \
    --hash=sha256:8fdf95767f989b0cfedb85f7ed8ca215d4be728031f56ff5a519ee1e3276dc2e \
    --hash=sha256:9bccbb3b40e3de10351f8f5068e105d0f4083b1a65fa07b6634fbc401a6287fd \
    --hash=sha256:a0bcfe4d0d14aec44921545fd2af2338c7471de9cb701f1da4c9d85906ab847a \
    --hash=sha256:a69525355a641bf8ef136a7fa447672fb54fe8d60cab5538d9eb7c6438543fb9 \
    --hash=sha256:ada8121bcb4dac28d930febc791a69f7cb1673c8495e5eee274190b73a4559c1 \
    --hash=sha256:bf97c10a3f5a7543f9b88cbf488d33d175e9146115a451ae34568597ba33dcde \
    --hash=sha256:c22a2da7a198c28dd1a6e1136f19c830beab7fdca5b3e5c8bba8394f8a5c45b3 \
    --hash=sha256:c2656924ec73e5939c76ac4c8b026fc203b83d8900362eb2599d8aee80e4880f \
    --hash=sha256:c57b1b610bd1f40ba43970e11ce62821c2e6569e4d74023db19c6b26f246cb3b \
    --hash=sha256:eddde82a035681427cbedded4e6eff5e57fa59216c2e3e90b10b19ab1d0a65c3 \
    --hash=sha256:edec98c5e7c128328124a029bceb09eda2d526997780fef8d65e9a69eead963e \
    --hash=sha256:ee787491dbfe082d9c3013f01f5991658b0f38aa8177e4cd4bf434c58f551702 \
    --hash=sha256:f28dd15c6bb0b66ba09728cf09fd8736c304be29409bd8445a080c1280619e8c \
    --hash=sha256:f984ca4b14914e6b4094c5d52a32ea16b49832c03bd17a110f004db3c223e8e1 \
    --hash=sha256:fb65db5d7531bccf3a4f6bec3462223bea71384e2cda41da0f10b7c292b9e7c4 \
    --hash=sha256:fe1c011a640a9f0791146011dfd3c7d9669785f9fed2b2a5f9e207536cf5c2fd
    # via -r requirements-test.txt
scipy==1.17.0 \
    --hash=sha256:00fb5f8ec8398ad90215008d8b6009c9db9fa924fd4c7d6be307c6f945f9cd73 \
    --hash=sha256:031121914e295d9791319a1875444d55079885bbae5bdc9c5e0f2ee5f09d34ff \
    --hash=sha256:0937a0b0d8d593a198cededd4c439a0ea216a3f36653901ea1f3e4be949056f8 \
    --hash=sha256:0cf46c8013fec9d3694dc572f0b54100c28405d55d3e2cb15e2895b25057996e \
    --hash=sha256:0d5018a57c24cb1dd828bcf51d7b10e65986d549f52ef5adb6b4d1ded3e32a57 \
    --hash=sha256:130d12926ae34399d157de777472bf82e9061c60cc081372b3118edacafe1d00 \
    --hash=sha256:13c4096ac6bc31d706018f06a49abe0485f96499deb82066b94d19b02f664209 \
    --hash=sha256:13e861634a2c480bd237deb69333ac79ea1941b94568d4b0efa5db5e263d4fd1 \
    --hash=sha256:1f9586a58039d7229ce77b52f8472c972448cded5736eaf102d5658bbac4c269 \
    --hash=sha256:1ff269abf702f6c7e67a4b7aad981d42871a11b9dd83c58d2d2ea624efbd1088 \
    --hash=sha256:255c0da161bd7b32a6c898e7891509e8a9289f0b1c6c7d96142ee0d2b114c2ea \
    --hash=sha256:2591060c8e648d8b96439e111ac41fd8342fdeff1876be2e19dea3fe8930454e \
    --hash=sha256:272a9f16d6bb4667e8b50d25d71eddcc2158a214df1b566319298de0939d2ab7 \
    --hash=sha256:2abd71643797bd8a106dff97894ff7869eeeb0af0f7a5ce02e4227c6a2e9d6fd \
    --hash=sha256:2b531f57e09c946f56ad0b4a3b2abee778789097871fc541e267d2eca081cff1 \
    --hash=sha256:30509da9dbec1c2ed8f168b8d8aa853bc6723fede1dbc23c7d43a56f5ab72a67 \
    --hash=sha256:33af70d040e8af9d5e7a38b5ed3b772adddd281e3062ff23fec49e49681c38cf \
    --hash=sha256:357ca001c6e37601066092e7c89cca2f1ce74e2a520ca78d063a6d2201101df2 \
    --hash=sha256:3625c631a7acd7cfd929e4e31d2582cf00f42fcf06011f59281271746d77e061 \
    --hash=sha256:363ad4ae2853d88ebcde3ae6ec46ccca903ea9835ee8ba543f12f575e7b07e4e \
    --hash=sha256:40052543f7bbe921df4408f46003d6f01c6af109b9e2c8a66dd1cf6cf57f7d5d \
    --hash=sha256:423ca1f6584fc03936972b5f7c06961670dbba9f234e71676a7c7ccf938a0d61 \
    --hash=sha256:474da16199f6af66601a01546144922ce402cb17362e07d82f5a6cf8f963e449 \
    --hash=sha256:4e00562e519c09da34c31685f6acc3aa384d4d50604db0f245c14e1b4488bfa2 \
    --hash=sha256:5194c445d0a1c7a6c1a4a4681b6b7c71baad98ff66d96b949097e7513c9d6742 \
    --hash=sha256:5fb10d17e649e1446410895639f3385fd2bf4c3c7dfc9bea937bddcbc3d7b9ba \
    --hash=sha256:65ec32f3d32dfc48c72df4291345dae4f048749bc8d5203ee0a3f347f96c5ce6 \
    --hash=sha256:6680f2dfd4f6182e7d6db161344537da644d1cf85cf293f015c60a17ecf08752 \
    --hash=sha256:6e886000eb4919eae3a44f035e63f0fd8b651234117e8f6f29bad1cd26e7bc45 \
    --hash=sha256:7204fddcbec2fe6598f1c5fdf027e9f259106d05202a959a9f1aecf036adc9f6 \
    --hash=sha256:819fc26862b4b3c73a60d486dbb919202f3d6d98c87cf20c223511429f2d1a97 \
    --hash=sha256:8547e7c57f932e7354a2319fab613981cde910631979f74c9b542bb167a8b9db \
    --hash=sha256:85b0ac3ad17fa3be50abd7e69d583d98792d7edc08367e01445a1e2076005379 \
    --hash=sha256:87b411e42b425b84777718cc41516b8a7e0795abfa8e8e1d573bf0ef014f0812 \
    --hash=sha256:88c22af9e5d5a4f9e027e26772cc7b5922fab8bcc839edb3ae33de404feebd9e \
    --hash=sha256:9244608d27eafe02b20558523ba57f15c689357c85bdcfe920b1828750aa26eb \
    --hash=sha256:979c3a0ff8e5ba254d45d59ebd38cde48fce4f10b5125c680c7a4bfe177aab07 \
    --hash=sha256:9eeb9b5f5997f75507814ed9d298ab23f62cf79f5a3ef90031b1ee2506abdb5b \
    --hash=sha256:9fad7d3578c877d606b1150135c2639e9de9cecd3705caa37b66862977cc3e72 \
    --hash=sha256:a38c3337e00be6fd8a95b4ed66b5d988bac4ec888fd922c2ea9fe5fb1603dd67 \
    --hash=sha256:aabf057c632798832f071a8dde013c2e26284043934f53b00489f1773b33527e \
    --hash=sha256:c17514d11b78be8f7e6331b983a65a7f5ca1fd037b95e27b280921fe5606286a \
    --hash=sha256:c5e8647f60679790c2f5c76be17e2e9247dc6b98ad0d3b065861e082c56e078d \
    --hash=sha256:cacbaddd91fcffde703934897c5cd2c7cb0371fac195d383f4e1f1c5d3f3bd04 \
    --hash=sha256:d7425fcafbc09a03731e1bc05581f5fad988e48c6a861f441b7ab729a49a55ea \
    --hash=sha256:dac97a27520d66c12a34fd90a4fe65f43766c18c0d6e1c0a80f114d2260080e4 \
    --hash=sha256:dbf133ced83889583156566d2bdf7a07ff89228fe0c0cb727f777de92092ec6b \
    --hash=sha256:e8c0b331c2c1f531eb51f1b4fc9ba709521a712cce58f1aa627bc007421a5306 \
    --hash=sha256:eb2651271135154aa24f6481cbae5cc8af1f0dd46e6533fb7b56aa9727b6a232 \
    --hash=sha256:ebb7446a39b3ae0fe8f416a9a3fdc6fba3f11c634f680f16a239c5187bc487c0 \
    --hash=sha256:ec0827aa4d36cb79ff1b81de898e948a51ac0b9b1c43e4a372c0508c38c0f9a3 \
    --hash=sha256:edce1a1cf66298cccdc48a1bdf8fb10a3bf58e8b58d6c3883dd1530e103f87c0 \
    --hash=sha256:eec3842ec9ac9de5917899b277428886042a93db0b227ebbe3a333b64ec7643d \
    --hash=sha256:ef28d815f4d2686503e5f4f00edc387ae58dfd7a2f42e348bb53359538f01558 \
    --hash=sha256:f2a4942b0f5f7c23c7cd641a0ca1955e2ae83dedcff537e3a0259096635e186b \
    --hash=sha256:f3cd947f20fe17013d401b64e857c6b2da83cae567adbb75b9dcba865abc66d8 \
    --hash=sha256:f603d8a5518c7426414d1d8f82e253e454471de682ce5e39c29adb0df1efb86b \
    --hash=sha256:f7df7941d71314e60a481e02d5ebcb3f0185b8d799c70d03d8258f6c80f3d467 \
    --hash=sha256:f9eb55bb97d00f8b7ab95cb64f873eb0bf54d9446264d9f3609130381233483f \
    --hash=sha256:fc02c37a5639ee67d8fb646ffded6d793c06c5622d36b35cfa8fe5ececb8f042 \
    --hash=sha256:fe508b5690e9eaaa9467fc047f833af58f1152ae51a0d0aed67aa5801f4dd7d6
    # via
    #   -r requirements-test.txt
    #   scikit-learn
setuptools==80.9.0 \
    --hash=sha256:062d34222ad13e0cc312a4c02d73f059e86a4acbfbdea8f8f76b28c99f306922 \
    --hash=sha256:f36b47402ecde768dbfafc46e8e4207b4360c654f1f3bb84475f0a28628fb19c
    # via -r requirements-test.txt
six==1.17.0 \
    --hash=sha256:4721f391ed90541fddacab5acf947aa0d3dc7d27b2e1e8eda2be8970586c3274 \
    --hash=sha256:ff70335d468e7eb6ec65b95b99d3a2836546063f63acc5171de367e834932a81
    # via python-dateutil
threadpoolctl==3.7.0 \
    --hash=sha256:61348cfb77d53b9242e0017029244b559b810c142ced65b4e21eeca1843959a7 \
    --hash=sha256:cd8b60b5641b45c67bbf73c64c843235fc2d8a480c87389f52f5dbee893b86be
    # via scikit-learn
traitlets==5.16.1 \
    --hash=sha256:ed900c2b631aa3a112811139fa97b8d2c3bad5e989656bba4b7e52c7852c18c1 \
    --hash=sha256:f775618166caa0396c8e337099240f2bd3e5e917d203b2e6fbe21a58d3cb1f6b
    # via
    #   jupyter-core
    #   nbformat
typing-extensions==4.16.0 \
    --hash=sha256:481caa481374e813c1b176ada14e97f1f67a4539ce9cfeb3f350d78d6370c2e8 \
    --hash=sha256:dc983d19a509c94dba722ee6abd33940f7c05a89e243c47e907eb4db6f1a43e5
    # via referencing
tzdata==2026.5 \
    --hash=sha256:8cc73c0a0bfca7dbfa59235d60b2eff82231dee33f53d206db1acd9173cfc0a7 \
    --hash=sha256:b683bd1b6659ddcd810ff02ad09ba821d4bf1065072805063eb35c49617905ac
    # via pandas
wheel==0.45.1 \
    --hash=sha256:661e1abd9198507b1409a20c02106d9670b2576e916d58f520316666abca6729 \
    --hash=sha256:708e7481cc80179af0e556bbf0cc00b8444c7321e2700b8d8580231d13017248
    # via -r requirements-test.txt
